
Microsoft Visual Studio Solution File, Format Version 12.00
# Visual Studio Version 17
VisualStudioVersion = 17.8.34309.116
MinimumVisualStudioVersion = 10.0.40219.1
Project("{9A19103F-16F7-4668-BE54-9A1E7A4F7556}") = "LexiconLMS.Server", "LexiconLMS\Server\LexiconLMS.Server.csproj", "{79F906BB-6AE7-43A1-BD10-A8F70C8B749B}"
EndProject
Project("{9A19103F-16F7-4668-BE54-9A1E7A4F7556}") = "LexiconLMS.Client", "LexiconLMS\Client\LexiconLMS.Client.csproj", "{A9EEAA5D-D23F-4149-85E2-074925330410}"
EndProject
Project("{9A19103F-16F7-4668-BE54-9A1E7A4F7556}") = "LexiconLMS.Shared", "LexiconLMS\Shared\LexiconLMS.Shared.csproj", "{145783A4-FAB8-48B7-AC27-9946FFDA0DD6}"
EndProject
Project("{FAE04EC0-301F-11D3-BF4B-00C04F79EFBC}") = "LexiconLMS.Api", "LexiconLMS.Api\LexiconLMS.Api.csproj", "{3571A089-5D0B-449F-82FD-74C4BD387697}"
EndProject
Global
	GlobalSection(SolutionConfigurationPlatforms) = preSolution
		Debug|Any CPU = Debug|Any CPU
		Release|Any CPU = Release|Any CPU
	EndGlobalSection
	GlobalSection(ProjectConfigurationPlatforms) = postSolution
		{79F906BB-6AE7-43A1-BD10-A8F70C8B749B}.Debug|Any CPU.ActiveCfg = Debug|Any CPU
		{79F906BB-6AE7-43A1-BD10-A8F70C8B749B}.Debug|Any CPU.Build.0 = Debug|Any CPU
		{79F906BB-6AE7-43A1-BD10-A8F70C8B749B}.Release|Any CPU.ActiveCfg = Release|Any CPU
		{79F906BB-6AE7-43A1-BD10-A8F70C8B749B}.Release|Any CPU.Build.0 = Release|Any CPU
		{A9EEAA5D-D23F-4149-85E2-074925330410}.Debug|Any CPU.ActiveCfg = Debug|Any CPU
		{A9EEAA5D-D23F-4149-85E2-074925330410}.Debug|Any CPU.Build.0 = Debug|Any CPU
		{A9EEAA5D-D23F-4149-85E2-074925330410}.Release|Any CPU.ActiveCfg = Release|Any CPU
		{A9EEAA5D-D23F-4149-85E2-074925330410}.Release|Any CPU.Build.0 = Release|Any CPU
		{145783A4-FAB8-48B7-AC27-9946FFDA0DD6}.Debug|Any CPU.ActiveCfg = Debug|Any CPU
		{145783A4-FAB8-48B7-AC27-9946FFDA0DD6}.Debug|Any CPU.Build.0 = Debug|Any CPU
		{145783A4-FAB8-48B7-AC27-9946FFDA0DD6}.Release|Any CPU.ActiveCfg = Release|Any CPU
		{145783A4-FAB8-48B7-AC27-9946FFDA0DD6}.Release|Any CPU.Build.0 = Release|Any CPU
		{3571A089-5D0B-449F-82FD-74C4BD387697}.Debug|Any CPU.ActiveCfg = Debug|Any CPU
		{3571A089-5D0B-449F-82FD-74C4BD387697}.Debug|Any CPU.Build.0 = Debug|Any CPU
		{3571A089-5D0B-449F-82FD-74C4BD387697}.Release|Any CPU.ActiveCfg = Release|Any CPU
		{3571A089-5D0B-449F-82FD-74C4BD387697}.Release|Any CPU.Build.0 = Release|Any CPU
	EndGlobalSection
	GlobalSection(SolutionProperties) = preSolution
		HideSolutionNode = FALSE
	EndGlobalSection
	GlobalSection(ExtensibilityGlobals) = postSolution
		SolutionGuid = {BA094105-EAFB-4303-9FE9-249B8F95C52C}
	EndGlobalSection
EndGlobal
